{
  "requires": true,
  "lockfileVersion": 1,
  "dependencies": {
    "@syncfusion/ej2": {
      "version": "19.3.46",
      "resolved": "https://registry.npmjs.org/@syncfusion/ej2/-/ej2-19.3.46.tgz",
      "integrity": "sha512-GMuwiVEOWaubTfmcZMakXcZPdTLubfUQrEOvBJWivnVHMRnejNopPqWHdNPmwRx9SKryYC5xTPOE/SiQ6K9tFQ==",
      "requires": {
        "@syncfusion/ej2-barcode-generator": "~19.3.43",
        "@syncfusion/ej2-base": "~19.3.43",
        "@syncfusion/ej2-buttons": "~19.3.44",
        "@syncfusion/ej2-calendars": "~19.3.46",
        "@syncfusion/ej2-charts": "~19.3.46",
        "@syncfusion/ej2-circulargauge": "~19.3.46",
        "@syncfusion/ej2-compression": "~19.3.43",
        "@syncfusion/ej2-data": "~19.3.46",
        "@syncfusion/ej2-diagrams": "~19.3.46",
        "@syncfusion/ej2-documenteditor": "~19.3.46",
        "@syncfusion/ej2-drawings": "~19.3.44",
        "@syncfusion/ej2-dropdowns": "~19.3.46",
        "@syncfusion/ej2-excel-export": "~19.3.44",
        "@syncfusion/ej2-file-utils": "~19.3.43",
        "@syncfusion/ej2-filemanager": "~19.3.44",
        "@syncfusion/ej2-gantt": "~19.3.46",
        "@syncfusion/ej2-grids": "~19.3.46",
        "@syncfusion/ej2-heatmap": "~19.3.43",
        "@syncfusion/ej2-icons": "~19.3.43",
        "@syncfusion/ej2-inplace-editor": "~19.3.46",
        "@syncfusion/ej2-inputs": "~19.3.44",
        "@syncfusion/ej2-kanban": "~19.3.46",
        "@syncfusion/ej2-layouts": "~19.3.44",
        "@syncfusion/ej2-lineargauge": "~19.3.43",
        "@syncfusion/ej2-lists": "~19.3.45",
        "@syncfusion/ej2-maps": "~19.3.46",
        "@syncfusion/ej2-navigations": "~19.3.46",
        "@syncfusion/ej2-notifications": "~19.3.43",
        "@syncfusion/ej2-office-chart": "~19.3.43",
        "@syncfusion/ej2-pdf-export": "~19.3.43",
        "@syncfusion/ej2-pdfviewer": "~19.3.46",
        "@syncfusion/ej2-pivotview": "~19.3.46",
        "@syncfusion/ej2-popups": "~19.3.43",
        "@syncfusion/ej2-progressbar": "~19.3.43",
        "@syncfusion/ej2-querybuilder": "~19.3.45",
        "@syncfusion/ej2-richtexteditor": "~19.3.46",
        "@syncfusion/ej2-schedule": "~19.3.46",
        "@syncfusion/ej2-splitbuttons": "~19.3.45",
        "@syncfusion/ej2-spreadsheet": "~19.3.46",
        "@syncfusion/ej2-svg-base": "~19.3.45",
        "@syncfusion/ej2-treegrid": "~19.3.46",
        "@syncfusion/ej2-treemap": "~19.3.43",
        "@types/lodash": "4.14.159",
        "tslib": "^1.8.0"
      }
    },
    "@syncfusion/ej2-barcode-generator": {
      "version": "19.3.43",
      "resolved": "https://registry.npmjs.org/@syncfusion/ej2-barcode-generator/-/ej2-barcode-generator-19.3.43.tgz",
      "integrity": "sha512-Sxfnt4+Vc9x8jJ1X2KGBY3wXPgrrEQiC3e5DR5rb32Eza4a5il2ff3+SGktBTY+WJvBDswXR6Fh1Yf4xt+H+6Q==",
      "requires": {
        "@syncfusion/ej2-base": "~19.3.43",
        "@syncfusion/ej2-data": "~19.3.43"
      }
    },
    "@syncfusion/ej2-base": {
      "version": "19.3.43",
      "resolved": "https://registry.npmjs.org/@syncfusion/ej2-base/-/ej2-base-19.3.43.tgz",
      "integrity": "sha512-4cYDAwERBT0NzeUheN8t00gc3jwUpM+9ceBICNl15N9plhITN0r3BEDK/OSepFsP9WVFkDyYgV/wtP6sf/zuIA==",
      "requires": {
        "@syncfusion/ej2-icons": "~19.3.43"
      }
    },
    "@syncfusion/ej2-buttons": {
      "version": "19.3.44",
      "resolved": "https://registry.npmjs.org/@syncfusion/ej2-buttons/-/ej2-buttons-19.3.44.tgz",
      "integrity": "sha512-Qx/0kTISQ73+gxjCEFSoJo6uLzZJ97QIVAoQxAJFAMLEVxuazl1r0m5K5rU/4ZC6Tfgxf1iGfA1nsIVzNRsOPw==",
      "requires": {
        "@syncfusion/ej2-base": "~19.3.43"
      }
    },
    "@syncfusion/ej2-calendars": {
      "version": "19.3.46",
      "resolved": "https://registry.npmjs.org/@syncfusion/ej2-calendars/-/ej2-calendars-19.3.46.tgz",
      "integrity": "sha512-KFOprXqhqFIrv7XmEeR8RwtF/q9zFvOt7HwTYgkBwYhGdAFIo0uCU9gbIvNb+djUpDsnEPHynYiHPx5cW/Fy+w==",
      "requires": {
        "@syncfusion/ej2-base": "~19.3.43",
        "@syncfusion/ej2-buttons": "~19.3.44",
        "@syncfusion/ej2-inputs": "~19.3.44",
        "@syncfusion/ej2-lists": "~19.3.45",
        "@syncfusion/ej2-popups": "~19.3.43"
      }
    },
    "@syncfusion/ej2-charts": {
      "version": "19.3.46",
      "resolved": "https://registry.npmjs.org/@syncfusion/ej2-charts/-/ej2-charts-19.3.46.tgz",
      "integrity": "sha512-KbrUVL2A75e4FSynh34xU00xQUImxD2qAhWaCUQ0wWriMKEDqpfbBBcixPhP6iUYb9lKf11KH1ufLQaMQsidHQ==",
      "requires": {
        "@syncfusion/ej2-base": "~19.3.43",
        "@syncfusion/ej2-calendars": "~19.3.46",
        "@syncfusion/ej2-compression": "~19.3.43",
        "@syncfusion/ej2-data": "~19.3.46",
        "@syncfusion/ej2-file-utils": "~19.3.43",
        "@syncfusion/ej2-navigations": "~19.3.46",
        "@syncfusion/ej2-pdf-export": "~19.3.43",
        "@syncfusion/ej2-svg-base": "~19.3.45"
      }
    },
    "@syncfusion/ej2-circulargauge": {
      "version": "19.3.46",
      "resolved": "https://registry.npmjs.org/@syncfusion/ej2-circulargauge/-/ej2-circulargauge-19.3.46.tgz",
      "integrity": "sha512-R3+1MRLeNRqtnUI5Kp4URMNyMTwwON4Y9KZC3NZKaZ4bLAmBN3gP50dwUvjVOmcVrcYkS8vLv7C+94ktxH77JQ==",
      "requires": {
        "@syncfusion/ej2-base": "~19.3.43",
        "@syncfusion/ej2-pdf-export": "~19.3.43",
        "@syncfusion/ej2-svg-base": "~19.3.45"
      }
    },
    "@syncfusion/ej2-compression": {
      "version": "19.3.43",
      "resolved": "https://registry.npmjs.org/@syncfusion/ej2-compression/-/ej2-compression-19.3.43.tgz",
      "integrity": "sha512-5Kk1DReVgOG4dV1cSiDQoLhXYhZ/LGQrSsIQGasbnmWSeAMsgGYBZcKR4a8N94oMFP7eWpCBn9mce8SQgxYFWA==",
      "requires": {
        "@syncfusion/ej2-file-utils": "~19.3.43"
      }
    },
    "@syncfusion/ej2-data": {
      "version": "19.3.46",
      "resolved": "https://registry.npmjs.org/@syncfusion/ej2-data/-/ej2-data-19.3.46.tgz",
      "integrity": "sha512-i4I7zSu/3ayYFMhbDn1lW5pe7IGdidWnbPeBHd0J1CrK/aqjy+Qw8YTwwbcqC7nAOUpuSvnAwOWXUv+MKHx/Yw==",
      "requires": {
        "@syncfusion/ej2-base": "~19.3.43"
      }
    },
    "@syncfusion/ej2-diagrams": {
      "version": "19.3.46",
      "resolved": "https://registry.npmjs.org/@syncfusion/ej2-diagrams/-/ej2-diagrams-19.3.46.tgz",
      "integrity": "sha512-O95ReW8ElrxcdNyCgEjXX2P4/WDjzMlGhTVc+dgI6up9bQ1sgwfHqMXGBotaI7ZtOtf9pqICHZx0wxJY5FL3tQ==",
      "requires": {
        "@syncfusion/ej2-base": "~19.3.43",
        "@syncfusion/ej2-buttons": "~19.3.44",
        "@syncfusion/ej2-data": "~19.3.46",
        "@syncfusion/ej2-inputs": "~19.3.44",
        "@syncfusion/ej2-lists": "~19.3.45",
        "@syncfusion/ej2-navigations": "~19.3.46",
        "@syncfusion/ej2-popups": "~19.3.43"
      }
    },
    "@syncfusion/ej2-documenteditor": {
      "version": "19.3.46",
      "resolved": "https://registry.npmjs.org/@syncfusion/ej2-documenteditor/-/ej2-documenteditor-19.3.46.tgz",
      "integrity": "sha512-gioRFVr829ZyCrTKgiAk6cQNTSv7QZNsF8a1EyombWkRpiK0FdpjKySFtyShde+1Gr5vful0Rg1SSEZQLRQPJQ==",
      "requires": {
        "@syncfusion/ej2-base": "~19.3.43",
        "@syncfusion/ej2-buttons": "~19.3.44",
        "@syncfusion/ej2-calendars": "~19.3.46",
        "@syncfusion/ej2-compression": "~19.3.43",
        "@syncfusion/ej2-dropdowns": "~19.3.46",
        "@syncfusion/ej2-file-utils": "~19.3.43",
        "@syncfusion/ej2-inputs": "~19.3.44",
        "@syncfusion/ej2-navigations": "~19.3.46",
        "@syncfusion/ej2-office-chart": "~19.3.43",
        "@syncfusion/ej2-popups": "~19.3.43",
        "@syncfusion/ej2-splitbuttons": "~19.3.45"
      }
    },
    "@syncfusion/ej2-drawings": {
      "version": "19.3.44",
      "resolved": "https://registry.npmjs.org/@syncfusion/ej2-drawings/-/ej2-drawings-19.3.44.tgz",
      "integrity": "sha512-Rg9V4ujEPz+IWdd15SKtFLOhHPGS9hk4ZYpardLbCH9MH12QIrT8Un/KvlCcrF9shdAl4zVOszHyDK3W3ZsDNA==",
      "requires": {
        "@syncfusion/ej2-base": "~19.3.43",
        "@syncfusion/ej2-data": "~19.3.44"
      }
    },
    "@syncfusion/ej2-dropdowns": {
      "version": "19.3.46",
      "resolved": "https://registry.npmjs.org/@syncfusion/ej2-dropdowns/-/ej2-dropdowns-19.3.46.tgz",
      "integrity": "sha512-EnMZrRy8gP+K4Km9N5MmESruuFM+G/XFGDLb9bGaRo1Xbb/yhdCWJCOa9GIWXxjajpnp0rbNYeKd91fU381PgA==",
      "requires": {
        "@syncfusion/ej2-base": "~19.3.43",
        "@syncfusion/ej2-data": "~19.3.46",
        "@syncfusion/ej2-inputs": "~19.3.44",
        "@syncfusion/ej2-lists": "~19.3.45",
        "@syncfusion/ej2-navigations": "~19.3.46",
        "@syncfusion/ej2-popups": "~19.3.43"
      }
    },
    "@syncfusion/ej2-excel-export": {
      "version": "19.3.44",
      "resolved": "https://registry.npmjs.org/@syncfusion/ej2-excel-export/-/ej2-excel-export-19.3.44.tgz",
      "integrity": "sha512-gnKx/wZriWYwrapeNPX1U2ZAF1ykA4oUWZjHOX13q3LDqDAsCWPjQXcJbrm3ZZQgPvfHUF52wZyrL3UgduJy6Q==",
      "requires": {
        "@syncfusion/ej2-base": "~19.3.43",
        "@syncfusion/ej2-compression": "~19.3.43"
      }
    },
    "@syncfusion/ej2-file-utils": {
      "version": "19.3.43",
      "resolved": "https://registry.npmjs.org/@syncfusion/ej2-file-utils/-/ej2-file-utils-19.3.43.tgz",
      "integrity": "sha512-jfca+wvCI5bY+f30qvG/ozKciFfNIrCg1e3KsQ7zzAOjRhJpTo9Nl2YMZbGvSAhF6Ao1n4940X0lF2zr8LrglA=="
    },
    "@syncfusion/ej2-filemanager": {
      "version": "19.3.44",
      "resolved": "https://registry.npmjs.org/@syncfusion/ej2-filemanager/-/ej2-filemanager-19.3.44.tgz",
      "integrity": "sha512-L25T9GMW0/7c+Tb0gHH0/hS5E8OyHvF6ptIBHxE+HQ/qCBy73r/DZKmUZyj4fJj22GdFbLBHCP+FNj4PjqlOOw==",
      "requires": {
        "@syncfusion/ej2-base": "~19.3.43",
        "@syncfusion/ej2-buttons": "~19.3.44",
        "@syncfusion/ej2-data": "~19.3.44",
        "@syncfusion/ej2-grids": "~19.3.44",
        "@syncfusion/ej2-inputs": "~19.3.44",
        "@syncfusion/ej2-layouts": "~19.3.44",
        "@syncfusion/ej2-lists": "~19.3.44",
        "@syncfusion/ej2-navigations": "~19.3.44",
        "@syncfusion/ej2-popups": "~19.3.43",
        "@syncfusion/ej2-splitbuttons": "~19.3.44",
        "selenium-webdriver": "^4.0.0-alpha.1"
      }
    },
    "@syncfusion/ej2-gantt": {
      "version": "19.3.46",
      "resolved": "https://registry.npmjs.org/@syncfusion/ej2-gantt/-/ej2-gantt-19.3.46.tgz",
      "integrity": "sha512-1Q3cQd2HfW/66urNgx4ei+iugpbngvSh31tu3p5J7VCdr+lDXIsvujaxO06W+u7B5cCl3QIzNMRimGfVqZvEzw==",
      "requires": {
        "@syncfusion/ej2-base": "~19.3.43",
        "@syncfusion/ej2-buttons": "~19.3.44",
        "@syncfusion/ej2-calendars": "~19.3.46",
        "@syncfusion/ej2-data": "~19.3.46",
        "@syncfusion/ej2-dropdowns": "~19.3.46",
        "@syncfusion/ej2-grids": "~19.3.46",
        "@syncfusion/ej2-inputs": "~19.3.44",
        "@syncfusion/ej2-layouts": "~19.3.44",
        "@syncfusion/ej2-lists": "~19.3.45",
        "@syncfusion/ej2-navigations": "~19.3.46",
        "@syncfusion/ej2-popups": "~19.3.43",
        "@syncfusion/ej2-richtexteditor": "~19.3.46",
        "@syncfusion/ej2-treegrid": "~19.3.46"
      }
    },
    "@syncfusion/ej2-grids": {
      "version": "19.3.46",
      "resolved": "https://registry.npmjs.org/@syncfusion/ej2-grids/-/ej2-grids-19.3.46.tgz",
      "integrity": "sha512-+v8r65W0ECf3wbQjjCXRARi7EbJ25T60ElpO+txvIn6oyVHmI4Q/AeBpnFomzv486nM320M8dNPwYXaivfylow==",
      "requires": {
        "@syncfusion/ej2-base": "~19.3.43",
        "@syncfusion/ej2-buttons": "~19.3.44",
        "@syncfusion/ej2-calendars": "~19.3.46",
        "@syncfusion/ej2-compression": "~19.3.43",
        "@syncfusion/ej2-data": "~19.3.46",
        "@syncfusion/ej2-dropdowns": "~19.3.46",
        "@syncfusion/ej2-excel-export": "~19.3.44",
        "@syncfusion/ej2-file-utils": "~19.3.43",
        "@syncfusion/ej2-inputs": "~19.3.44",
        "@syncfusion/ej2-lists": "~19.3.45",
        "@syncfusion/ej2-navigations": "~19.3.46",
        "@syncfusion/ej2-pdf-export": "~19.3.43",
        "@syncfusion/ej2-popups": "~19.3.43",
        "@syncfusion/ej2-splitbuttons": "~19.3.45"
      }
    },
    "@syncfusion/ej2-heatmap": {
      "version": "19.3.43",
      "resolved": "https://registry.npmjs.org/@syncfusion/ej2-heatmap/-/ej2-heatmap-19.3.43.tgz",
      "integrity": "sha512-MiJ198CtBgWoyVHC20g9aRDX/zbCYs1zADYa9mKc7IqVGyWogl6hoF2tHY0XGmt6Y20AW/Xsw8NvUZySjgWk6w==",
      "requires": {
        "@syncfusion/ej2-base": "~19.3.43",
        "@syncfusion/ej2-compression": "~19.3.43",
        "@syncfusion/ej2-data": "~19.3.43",
        "@syncfusion/ej2-file-utils": "~19.3.43",
        "@syncfusion/ej2-pdf-export": "~19.3.43",
        "@syncfusion/ej2-svg-base": "~19.3.43"
      }
    },
    "@syncfusion/ej2-icons": {
      "version": "19.3.43",
      "resolved": "https://registry.npmjs.org/@syncfusion/ej2-icons/-/ej2-icons-19.3.43.tgz",
      "integrity": "sha512-vWl6AlBEP4OEcXem/H7+zYKGNdqbbz/ddho0/l/U16Z1T6UWrKhIUizkekOgwVkSwqA0NFs+X2YgwSaM8YdZBA=="
    },
    "@syncfusion/ej2-inplace-editor": {
      "version": "19.3.46",
      "resolved": "https://registry.npmjs.org/@syncfusion/ej2-inplace-editor/-/ej2-inplace-editor-19.3.46.tgz",
      "integrity": "sha512-YDlacDcvA8TiLUAXvaG+XYgDCG0c8jo9IfjBNAGfCW1daoNMvr9PIL19Zafmezt+4Fk9VW1r/mt3d7a3wQNbvw==",
      "requires": {
        "@syncfusion/ej2-base": "~19.3.43",
        "@syncfusion/ej2-buttons": "~19.3.44",
        "@syncfusion/ej2-calendars": "~19.3.46",
        "@syncfusion/ej2-data": "~19.3.46",
        "@syncfusion/ej2-dropdowns": "~19.3.46",
        "@syncfusion/ej2-inputs": "~19.3.44",
        "@syncfusion/ej2-lists": "~19.3.45",
        "@syncfusion/ej2-navigations": "~19.3.46",
        "@syncfusion/ej2-popups": "~19.3.43",
        "@syncfusion/ej2-richtexteditor": "~19.3.46",
        "@syncfusion/ej2-splitbuttons": "~19.3.45"
      }
    },
    "@syncfusion/ej2-inputs": {
      "version": "19.3.44",
      "resolved": "https://registry.npmjs.org/@syncfusion/ej2-inputs/-/ej2-inputs-19.3.44.tgz",
      "integrity": "sha512-NOZ2rS7+YZx52iCBSScvMYqyoyUN/zWWCqKehBeQUH/w4pXdVUuis9Ipvd6VFjG+3yz/QwvplCWoz/aj6IqVWA==",
      "requires": {
        "@syncfusion/ej2-base": "~19.3.43",
        "@syncfusion/ej2-buttons": "~19.3.44",
        "@syncfusion/ej2-popups": "~19.3.43",
        "@syncfusion/ej2-splitbuttons": "~19.3.44"
      }
    },
    "@syncfusion/ej2-kanban": {
      "version": "19.3.46",
      "resolved": "https://registry.npmjs.org/@syncfusion/ej2-kanban/-/ej2-kanban-19.3.46.tgz",
      "integrity": "sha512-FdhKuzezx9Lt4fXdqk8+VrYN0Uq1/tvkRu81qZnXG4C0ahIMrGYxRmLJZJayOf/8ZK4IIqbm9UgpUBzoS6LD4A==",
      "requires": {
        "@syncfusion/ej2-base": "~19.3.43",
        "@syncfusion/ej2-buttons": "~19.3.44",
        "@syncfusion/ej2-data": "~19.3.46",
        "@syncfusion/ej2-dropdowns": "~19.3.46",
        "@syncfusion/ej2-inputs": "~19.3.44",
        "@syncfusion/ej2-layouts": "~19.3.44",
        "@syncfusion/ej2-navigations": "~19.3.46",
        "@syncfusion/ej2-popups": "~19.3.43"
      }
    },
    "@syncfusion/ej2-layouts": {
      "version": "19.3.44",
      "resolved": "https://registry.npmjs.org/@syncfusion/ej2-layouts/-/ej2-layouts-19.3.44.tgz",
      "integrity": "sha512-gXnlINbqmNhlcYqpIHGubttvrftzE6riCv22IkDExFniPyZMO48A7j5tsoRM1NlX07xuLCPA2MUHqAWbh2Dhrw==",
      "requires": {
        "@syncfusion/ej2-base": "~19.3.43"
      }
    },
    "@syncfusion/ej2-lineargauge": {
      "version": "19.3.43",
      "resolved": "https://registry.npmjs.org/@syncfusion/ej2-lineargauge/-/ej2-lineargauge-19.3.43.tgz",
      "integrity": "sha512-8I9CWQeB9CqGA8OeygUs5DkvS5ECuXqsK7d3U17gfgpvjX4+lapQiOT+eSJtgL6RSO2TvaDKi8SMT8wGD2y+Wg==",
      "requires": {
        "@syncfusion/ej2-base": "~19.3.43",
        "@syncfusion/ej2-pdf-export": "~19.3.43",
        "@syncfusion/ej2-svg-base": "~19.3.43"
      }
    },
    "@syncfusion/ej2-lists": {
      "version": "19.3.45",
      "resolved": "https://registry.npmjs.org/@syncfusion/ej2-lists/-/ej2-lists-19.3.45.tgz",
      "integrity": "sha512-bsVIrH2gr2z1jxeEYMv2Y2q77zLhjTJacficGqdREMBtE4PjUB2KLY4MMldOjAbF3ITWoAmB2w0aGCQR7uLj5w==",
      "requires": {
        "@syncfusion/ej2-base": "~19.3.43",
        "@syncfusion/ej2-buttons": "~19.3.44",
        "@syncfusion/ej2-data": "~19.3.44"
      }
    },
    "@syncfusion/ej2-maps": {
      "version": "19.3.46",
      "resolved": "https://registry.npmjs.org/@syncfusion/ej2-maps/-/ej2-maps-19.3.46.tgz",
      "integrity": "sha512-KCkYjNzDNnc+Kt6i/usHpzoplRIT2lzzcZSyPqtfZGn+Q2ewOJleo6hE6f63J0zad0TdVJlaLR9MS4U564haPA==",
      "requires": {
        "@syncfusion/ej2-base": "~19.3.43",
        "@syncfusion/ej2-buttons": "~19.3.44",
        "@syncfusion/ej2-compression": "~19.3.43",
        "@syncfusion/ej2-data": "~19.3.46",
        "@syncfusion/ej2-file-utils": "~19.3.43",
        "@syncfusion/ej2-pdf-export": "~19.3.43",
        "@syncfusion/ej2-svg-base": "~19.3.45"
      }
    },
    "@syncfusion/ej2-navigations": {
      "version": "19.3.46",
      "resolved": "https://registry.npmjs.org/@syncfusion/ej2-navigations/-/ej2-navigations-19.3.46.tgz",
      "integrity": "sha512-Wbc4lRJulnPshj1aSCvGETU35hfLb+6Pmzg+X7fwl7Bjwl3o3pv7Ve8ag5k/N1YrAOrtKtXEsPuLVhIQvXBJYg==",
      "requires": {
        "@syncfusion/ej2-base": "~19.3.43",
        "@syncfusion/ej2-buttons": "~19.3.44",
        "@syncfusion/ej2-data": "~19.3.46",
        "@syncfusion/ej2-inputs": "~19.3.44",
        "@syncfusion/ej2-lists": "~19.3.45",
        "@syncfusion/ej2-popups": "~19.3.43"
      }
    },
    "@syncfusion/ej2-notifications": {
      "version": "19.3.43",
      "resolved": "https://registry.npmjs.org/@syncfusion/ej2-notifications/-/ej2-notifications-19.3.43.tgz",
      "integrity": "sha512-ppHH/KlZCvekBtE4pi9jgnNNBE2NE2oaiPhCP2Z+drr/VJKpvUKwN9vtn77s9adPNMDjyiF0pCb/mMRSegnl0g==",
      "requires": {
        "@syncfusion/ej2-base": "~19.3.43",
        "@syncfusion/ej2-buttons": "~19.3.43",
        "@syncfusion/ej2-popups": "~19.3.43"
      }
    },
    "@syncfusion/ej2-office-chart": {
      "version": "19.3.43",
      "resolved": "https://registry.npmjs.org/@syncfusion/ej2-office-chart/-/ej2-office-chart-19.3.43.tgz",
      "integrity": "sha512-RKOGJIC+wzYO94I9qETOBrQ6UTQ/o215FPbViRV2XBqOHfUZUaGLmUyevaj1PEuC3/aNXlmWNewwxWM+gCms3w==",
      "requires": {
        "@syncfusion/ej2-charts": "~19.3.43"
      }
    },
    "@syncfusion/ej2-pdf-export": {
      "version": "19.3.43",
      "resolved": "https://registry.npmjs.org/@syncfusion/ej2-pdf-export/-/ej2-pdf-export-19.3.43.tgz",
      "integrity": "sha512-DxSJs6JayLm2QrGz7IVrKZp3I7uNb4xlcGuPyd2WR9FkffJYNImtnIxeKBP+WXANy13FDIcjW1nWqNumx0pdJQ==",
      "requires": {
        "@syncfusion/ej2-compression": "~19.3.43"
      }
    },
    "@syncfusion/ej2-pdfviewer": {
      "version": "19.3.46",
      "resolved": "https://registry.npmjs.org/@syncfusion/ej2-pdfviewer/-/ej2-pdfviewer-19.3.46.tgz",
      "integrity": "sha512-j7houcqRQK1XhYasGfs2bWyMFmdLUrTnksv5rUSwgKvfZSGHC2hT3oGVs7YU6/1ICZ9HKW7TlyicGVje5b/Raw==",
      "requires": {
        "@syncfusion/ej2-base": "~19.3.43",
        "@syncfusion/ej2-buttons": "~19.3.44",
        "@syncfusion/ej2-calendars": "~19.3.46",
        "@syncfusion/ej2-compression": "~19.3.43",
        "@syncfusion/ej2-data": "~19.3.46",
        "@syncfusion/ej2-drawings": "~19.3.44",
        "@syncfusion/ej2-dropdowns": "~19.3.46",
        "@syncfusion/ej2-excel-export": "~19.3.44",
        "@syncfusion/ej2-file-utils": "~19.3.43",
        "@syncfusion/ej2-filemanager": "~19.3.44",
        "@syncfusion/ej2-grids": "~19.3.46",
        "@syncfusion/ej2-inplace-editor": "~19.3.46",
        "@syncfusion/ej2-inputs": "~19.3.44",
        "@syncfusion/ej2-layouts": "~19.3.44",
        "@syncfusion/ej2-lists": "~19.3.45",
        "@syncfusion/ej2-navigations": "~19.3.46",
        "@syncfusion/ej2-notifications": "~19.3.43",
        "@syncfusion/ej2-pdf-export": "~19.3.43",
        "@syncfusion/ej2-popups": "~19.3.43",
        "@syncfusion/ej2-richtexteditor": "~19.3.46"
      }
    },
    "@syncfusion/ej2-pivotview": {
      "version": "19.3.46",
      "resolved": "https://registry.npmjs.org/@syncfusion/ej2-pivotview/-/ej2-pivotview-19.3.46.tgz",
      "integrity": "sha512-Ake0hwn0RbQJ+Kg455trWs0cgVKC1h72X1UnffInegDoszS2aS3lLYnhWoCzjWD5RYcVk49PksIjf79OFB00zw==",
      "requires": {
        "@syncfusion/ej2-base": "~19.3.43",
        "@syncfusion/ej2-buttons": "~19.3.44",
        "@syncfusion/ej2-calendars": "~19.3.46",
        "@syncfusion/ej2-charts": "~19.3.46",
        "@syncfusion/ej2-compression": "~19.3.43",
        "@syncfusion/ej2-data": "~19.3.46",
        "@syncfusion/ej2-dropdowns": "~19.3.46",
        "@syncfusion/ej2-excel-export": "~19.3.44",
        "@syncfusion/ej2-file-utils": "~19.3.43",
        "@syncfusion/ej2-grids": "~19.3.46",
        "@syncfusion/ej2-inputs": "~19.3.44",
        "@syncfusion/ej2-lists": "~19.3.45",
        "@syncfusion/ej2-navigations": "~19.3.46",
        "@syncfusion/ej2-pdf-export": "~19.3.43",
        "@syncfusion/ej2-popups": "~19.3.43",
        "@syncfusion/ej2-splitbuttons": "~19.3.45",
        "@syncfusion/ej2-svg-base": "~19.3.45"
      }
    },
    "@syncfusion/ej2-popups": {
      "version": "19.3.43",
      "resolved": "https://registry.npmjs.org/@syncfusion/ej2-popups/-/ej2-popups-19.3.43.tgz",
      "integrity": "sha512-EvgTj4/SuQUjkvVjBccp8z98CY6woVy+LSglXtGDI1voVvx/37yyEsee02JH+GeWFcExl5i7UWN2EkXZ6JA5gg==",
      "requires": {
        "@syncfusion/ej2-base": "~19.3.43",
        "@syncfusion/ej2-buttons": "~19.3.43"
      }
    },
    "@syncfusion/ej2-progressbar": {
      "version": "19.3.43",
      "resolved": "https://registry.npmjs.org/@syncfusion/ej2-progressbar/-/ej2-progressbar-19.3.43.tgz",
      "integrity": "sha512-eCtPXzrYNDbl9SgHPnSOMkENVLcXYZy/IEuk2IAfCWAXZ7Tbsr1BHHyQmM/2lgee8Y4AomsNH0j2epoD+dkKtQ==",
      "requires": {
        "@syncfusion/ej2-base": "~19.3.43",
        "@syncfusion/ej2-data": "~19.3.43",
        "@syncfusion/ej2-svg-base": "~19.3.43"
      }
    },
    "@syncfusion/ej2-querybuilder": {
      "version": "19.3.45",
      "resolved": "https://registry.npmjs.org/@syncfusion/ej2-querybuilder/-/ej2-querybuilder-19.3.45.tgz",
      "integrity": "sha512-SllxYO+hrkhlPJEhvst4bla7PmrmFmP+PcdDf8yCPpQeXNjhMNcUSBmPnGwsc6G6ugdaDWlg5WX+gd+sDEgAMg==",
      "requires": {
        "@syncfusion/ej2-base": "~19.3.43",
        "@syncfusion/ej2-buttons": "~19.3.44",
        "@syncfusion/ej2-calendars": "~19.3.44",
        "@syncfusion/ej2-dropdowns": "~19.3.45",
        "@syncfusion/ej2-inputs": "~19.3.44",
        "@syncfusion/ej2-splitbuttons": "~19.3.45"
      }
    },
    "@syncfusion/ej2-richtexteditor": {
      "version": "19.3.46",
      "resolved": "https://registry.npmjs.org/@syncfusion/ej2-richtexteditor/-/ej2-richtexteditor-19.3.46.tgz",
      "integrity": "sha512-u0Tmlg+CdPh/2BEtqcfrpMIaHyAHl0AjqZQhV/9v4U8Ifzg0TXTqYA+c/3XOEb6XEJ9/dgE1HoNjozrnzi0yPQ==",
      "requires": {
        "@syncfusion/ej2-base": "~19.3.43",
        "@syncfusion/ej2-buttons": "~19.3.44",
        "@syncfusion/ej2-filemanager": "~19.3.44",
        "@syncfusion/ej2-inputs": "~19.3.44",
        "@syncfusion/ej2-navigations": "~19.3.46",
        "@syncfusion/ej2-popups": "~19.3.43",
        "@syncfusion/ej2-splitbuttons": "~19.3.45"
      }
    },
    "@syncfusion/ej2-schedule": {
      "version": "19.3.46",
      "resolved": "https://registry.npmjs.org/@syncfusion/ej2-schedule/-/ej2-schedule-19.3.46.tgz",
      "integrity": "sha512-u0Ef+Ej6TKBexT4RfjCoXHs1jZkgBXhczrLCW9bBhXjjU7onrFRzvc9qcf5R5XH2sY72KzzHlmhqbBa7CdorKw==",
      "requires": {
        "@syncfusion/ej2-base": "~19.3.43",
        "@syncfusion/ej2-buttons": "~19.3.44",
        "@syncfusion/ej2-calendars": "~19.3.46",
        "@syncfusion/ej2-data": "~19.3.46",
        "@syncfusion/ej2-dropdowns": "~19.3.46",
        "@syncfusion/ej2-excel-export": "~19.3.44",
        "@syncfusion/ej2-inputs": "~19.3.44",
        "@syncfusion/ej2-lists": "~19.3.45",
        "@syncfusion/ej2-navigations": "~19.3.46",
        "@syncfusion/ej2-popups": "~19.3.43"
      }
    },
    "@syncfusion/ej2-splitbuttons": {
      "version": "19.3.45",
      "resolved": "https://registry.npmjs.org/@syncfusion/ej2-splitbuttons/-/ej2-splitbuttons-19.3.45.tgz",
      "integrity": "sha512-SEFtA3A4b+9Vo7VG5VOuVZmGeSVupbSSsL2CjBVGrTQVZ+n/SIXaCG2McX/C4MtRO7P8D+YtIGiijqGyxG+/1g==",
      "requires": {
        "@syncfusion/ej2-base": "~19.3.43",
        "@syncfusion/ej2-popups": "~19.3.43"
      }
    },
    "@syncfusion/ej2-spreadsheet": {
      "version": "19.3.46",
      "resolved": "https://registry.npmjs.org/@syncfusion/ej2-spreadsheet/-/ej2-spreadsheet-19.3.46.tgz",
      "integrity": "sha512-GJ4rLj8z0bHPQ0FO4agF25S19LE3DuB24J8vrjA+wwKz6Pe7sQptFC9zGBMf91HlPi2wn6DBQsySglU+KQy8Nw==",
      "requires": {
        "@syncfusion/ej2-base": "~19.3.43",
        "@syncfusion/ej2-charts": "~19.3.46",
        "@syncfusion/ej2-dropdowns": "~19.3.46",
        "@syncfusion/ej2-grids": "~19.3.46",
        "@syncfusion/ej2-navigations": "~19.3.46"
      }
    },
    "@syncfusion/ej2-svg-base": {
      "version": "19.3.45",
      "resolved": "https://registry.npmjs.org/@syncfusion/ej2-svg-base/-/ej2-svg-base-19.3.45.tgz",
      "integrity": "sha512-nYBcsxCWiCQ7omGk4hgjQFjY9y7WlLwKve2LSwXbJUqVz/4/EebRYJQbhBIvuvRVeFsSwa/IYP+Du88Cf2KH8g==",
      "requires": {
        "@syncfusion/ej2-base": "~19.3.43"
      }
    },
    "@syncfusion/ej2-treegrid": {
      "version": "19.3.46",
      "resolved": "https://registry.npmjs.org/@syncfusion/ej2-treegrid/-/ej2-treegrid-19.3.46.tgz",
      "integrity": "sha512-10L7zUqWgN12LghO5Jf/PC1NpPiWhvxd2MiDeRIlXRBGkTgZhXOjRHh+SoAMaj+K5UUIpgWjSPXvQPPIUx5orA==",
      "requires": {
        "@syncfusion/ej2-base": "~19.3.43",
        "@syncfusion/ej2-data": "~19.3.46",
        "@syncfusion/ej2-grids": "~19.3.46",
        "@syncfusion/ej2-popups": "~19.3.43"
      }
    },
    "@syncfusion/ej2-treemap": {
      "version": "19.3.43",
      "resolved": "https://registry.npmjs.org/@syncfusion/ej2-treemap/-/ej2-treemap-19.3.43.tgz",
      "integrity": "sha512-6ML/28dJO7phY6O9AVbCFQgiw5rJhLIvuIJeoYxp+egtWbPXCNEax2eXW4xyOFfq2Xf1PsXo2ZsZGuji6wXZ8A==",
      "requires": {
        "@syncfusion/ej2-base": "~19.3.43",
        "@syncfusion/ej2-compression": "~19.3.43",
        "@syncfusion/ej2-data": "~19.3.43",
        "@syncfusion/ej2-file-utils": "~19.3.43",
        "@syncfusion/ej2-pdf-export": "~19.3.43",
        "@syncfusion/ej2-svg-base": "~19.3.43"
      }
    },
    "@types/lodash": {
      "version": "4.14.159",
      "resolved": "https://registry.npmjs.org/@types/lodash/-/lodash-4.14.159.tgz",
      "integrity": "sha512-gF7A72f7WQN33DpqOWw9geApQPh4M3PxluMtaHxWHXEGSN12/WbcEk/eNSqWNQcQhF66VSZ06vCF94CrHwXJDg=="
    },
    "balanced-match": {
      "version": "1.0.2",
      "resolved": "https://registry.npmjs.org/balanced-match/-/balanced-match-1.0.2.tgz",
      "integrity": "sha512-3oSeUO0TMV67hN1AmbXsK4yaqU7tjiHlbxRDZOpH0KW9+CeX4bRAaX0Anxt0tx2MrpRpWwQaPwIlISEJhYU5Pw=="
    },
    "brace-expansion": {
      "version": "1.1.11",
      "resolved": "https://registry.npmjs.org/brace-expansion/-/brace-expansion-1.1.11.tgz",
      "integrity": "sha512-iCuPHDFgrHX7H2vEI/5xpz07zSHB00TpugqhmYtVmMO6518mCuRMoOYFldEBl0g187ufozdaHgWKcYFb61qGiA==",
      "requires": {
        "balanced-match": "^1.0.0",
        "concat-map": "0.0.1"
      }
    },
    "concat-map": {
      "version": "0.0.1",
      "resolved": "https://registry.npmjs.org/concat-map/-/concat-map-0.0.1.tgz",
      "integrity": "sha1-2Klr13/Wjfd5OnMDajug1UBdR3s="
    },
    "core-util-is": {
      "version": "1.0.3",
      "resolved": "https://registry.npmjs.org/core-util-is/-/core-util-is-1.0.3.tgz",
      "integrity": "sha512-ZQBvi1DcpJ4GDqanjucZ2Hj3wEO5pZDS89BWbkcrvdxksJorwUDDZamX9ldFkp9aw2lmBDLgkObEA4DWNJ9FYQ=="
    },
    "fs.realpath": {
      "version": "1.0.0",
      "resolved": "https://registry.npmjs.org/fs.realpath/-/fs.realpath-1.0.0.tgz",
      "integrity": "sha1-FQStJSMVjKpA20onh8sBQRmU6k8="
    },
    "glob": {
      "version": "7.2.0",
      "resolved": "https://registry.npmjs.org/glob/-/glob-7.2.0.tgz",
      "integrity": "sha512-lmLf6gtyrPq8tTjSmrO94wBeQbFR3HbLHbuyD69wuyQkImp2hWqMGB47OX65FBkPffO641IP9jWa1z4ivqG26Q==",
      "requires": {
        "fs.realpath": "^1.0.0",
        "inflight": "^1.0.4",
        "inherits": "2",
        "minimatch": "^3.0.4",
        "once": "^1.3.0",
        "path-is-absolute": "^1.0.0"
      }
    },
    "immediate": {
      "version": "3.0.6",
      "resolved": "https://registry.npmjs.org/immediate/-/immediate-3.0.6.tgz",
      "integrity": "sha1-nbHb0Pr43m++D13V5Wu2BigN5ps="
    },
    "inflight": {
      "version": "1.0.6",
      "resolved": "https://registry.npmjs.org/inflight/-/inflight-1.0.6.tgz",
      "integrity": "sha1-Sb1jMdfQLQwJvJEKEHW6gWW1bfk=",
      "requires": {
        "once": "^1.3.0",
        "wrappy": "1"
      }
    },
    "inherits": {
      "version": "2.0.4",
      "resolved": "https://registry.npmjs.org/inherits/-/inherits-2.0.4.tgz",
      "integrity": "sha512-k/vGaX4/Yla3WzyMCvTQOXYeIHvqOKtnqBduzTHpzpQZzAskKMhZ2K+EnBiSM9zGSoIFeMpXKxa4dYeZIQqewQ=="
    },
    "isarray": {
      "version": "1.0.0",
      "resolved": "https://registry.npmjs.org/isarray/-/isarray-1.0.0.tgz",
      "integrity": "sha1-u5NdSFgsuhaMBoNJV6VKPgcSTxE="
    },
    "jszip": {
      "version": "3.7.1",
      "resolved": "https://registry.npmjs.org/jszip/-/jszip-3.7.1.tgz",
      "integrity": "sha512-ghL0tz1XG9ZEmRMcEN2vt7xabrDdqHHeykgARpmZ0BiIctWxM47Vt63ZO2dnp4QYt/xJVLLy5Zv1l/xRdh2byg==",
      "requires": {
        "lie": "~3.3.0",
        "pako": "~1.0.2",
        "readable-stream": "~2.3.6",
        "set-immediate-shim": "~1.0.1"
      }
    },
    "lie": {
      "version": "3.3.0",
      "resolved": "https://registry.npmjs.org/lie/-/lie-3.3.0.tgz",
      "integrity": "sha512-UaiMJzeWRlEujzAuw5LokY1L5ecNQYZKfmyZ9L7wDHb/p5etKaxXhohBcrw0EYby+G/NA52vRSN4N39dxHAIwQ==",
      "requires": {
        "immediate": "~3.0.5"
      }
    },
    "minimatch": {
      "version": "3.0.4",
      "resolved": "https://registry.npmjs.org/minimatch/-/minimatch-3.0.4.tgz",
      "integrity": "sha512-yJHVQEhyqPLUTgt9B83PXu6W3rx4MvvHvSUvToogpwoGDOUQ+yDrR0HRot+yOCdCO7u4hX3pWft6kWBBcqh0UA==",
      "requires": {
        "brace-expansion": "^1.1.7"
      }
    },
    "once": {
      "version": "1.4.0",
      "resolved": "https://registry.npmjs.org/once/-/once-1.4.0.tgz",
      "integrity": "sha1-WDsap3WWHUsROsF9nFC6753Xa9E=",
      "requires": {
        "wrappy": "1"
      }
    },
    "pako": {
      "version": "1.0.11",
      "resolved": "https://registry.npmjs.org/pako/-/pako-1.0.11.tgz",
      "integrity": "sha512-4hLB8Py4zZce5s4yd9XzopqwVv/yGNhV1Bl8NTmCq1763HeK2+EwVTv+leGeL13Dnh2wfbqowVPXCIO0z4taYw=="
    },
    "path-is-absolute": {
      "version": "1.0.1",
      "resolved": "https://registry.npmjs.org/path-is-absolute/-/path-is-absolute-1.0.1.tgz",
      "integrity": "sha1-F0uSaHNVNP+8es5r9TpanhtcX18="
    },
    "process-nextick-args": {
      "version": "2.0.1",
      "resolved": "https://registry.npmjs.org/process-nextick-args/-/process-nextick-args-2.0.1.tgz",
      "integrity": "sha512-3ouUOpQhtgrbOa17J7+uxOTpITYWaGP7/AhoR3+A+/1e9skrzelGi/dXzEYyvbxubEF6Wn2ypscTKiKJFFn1ag=="
    },
    "readable-stream": {
      "version": "2.3.7",
      "resolved": "https://registry.npmjs.org/readable-stream/-/readable-stream-2.3.7.tgz",
      "integrity": "sha512-Ebho8K4jIbHAxnuxi7o42OrZgF/ZTNcsZj6nRKyUmkhLFq8CHItp/fy6hQZuZmP/n3yZ9VBUbp4zz/mX8hmYPw==",
      "requires": {
        "core-util-is": "~1.0.0",
        "inherits": "~2.0.3",
        "isarray": "~1.0.0",
        "process-nextick-args": "~2.0.0",
        "safe-buffer": "~5.1.1",
        "string_decoder": "~1.1.1",
        "util-deprecate": "~1.0.1"
      }
    },
    "rimraf": {
      "version": "3.0.2",
      "resolved": "https://registry.npmjs.org/rimraf/-/rimraf-3.0.2.tgz",
      "integrity": "sha512-JZkJMZkAGFFPP2YqXZXPbMlMBgsxzE8ILs4lMIX/2o0L9UBw9O/Y3o6wFw/i9YLapcUJWwqbi3kdxIPdC62TIA==",
      "requires": {
        "glob": "^7.1.3"
      }
    },
    "safe-buffer": {
      "version": "5.1.2",
      "resolved": "https://registry.npmjs.org/safe-buffer/-/safe-buffer-5.1.2.tgz",
      "integrity": "sha512-Gd2UZBJDkXlY7GbJxfsE8/nvKkUEU1G38c1siN6QP6a9PT9MmHB8GnpscSmMJSoF8LOIrt8ud/wPtojys4G6+g=="
    },
    "selenium-webdriver": {
      "version": "4.0.0",
      "resolved": "https://registry.npmjs.org/selenium-webdriver/-/selenium-webdriver-4.0.0.tgz",
      "integrity": "sha512-tOlu6FnTjPq2FKpd153pl8o2cB7H40Rvl/ogiD2sapMv4IDjQqpIxbd+swDJe9UDLdszeh5CDis6lgy4e9UG1w==",
      "requires": {
        "jszip": "^3.6.0",
        "rimraf": "^3.0.2",
        "tmp": "^0.2.1",
        "ws": ">=7.4.6"
      }
    },
    "set-immediate-shim": {
      "version": "1.0.1",
      "resolved": "https://registry.npmjs.org/set-immediate-shim/-/set-immediate-shim-1.0.1.tgz",
      "integrity": "sha1-SysbJ+uAip+NzEgaWOXlb1mfP2E="
    },
    "string_decoder": {
      "version": "1.1.1",
      "resolved": "https://registry.npmjs.org/string_decoder/-/string_decoder-1.1.1.tgz",
      "integrity": "sha512-n/ShnvDi6FHbbVfviro+WojiFzv+s8MPMHBczVePfUpDJLwoLT0ht1l4YwBCbi8pJAveEEdnkHyPyTP/mzRfwg==",
      "requires": {
        "safe-buffer": "~5.1.0"
      }
    },
    "tmp": {
      "version": "0.2.1",
      "resolved": "https://registry.npmjs.org/tmp/-/tmp-0.2.1.tgz",
      "integrity": "sha512-76SUhtfqR2Ijn+xllcI5P1oyannHNHByD80W1q447gU3mp9G9PSpGdWmjUOHRDPiHYacIk66W7ubDTuPF3BEtQ==",
      "requires": {
        "rimraf": "^3.0.0"
      }
    },
    "tslib": {
      "version": "1.14.1",
      "resolved": "https://registry.npmjs.org/tslib/-/tslib-1.14.1.tgz",
      "integrity": "sha512-Xni35NKzjgMrwevysHTCArtLDpPvye8zV/0E4EyYn43P7/7qvQwPh9BGkHewbMulVntbigmcT7rdX3BNo9wRJg=="
    },
    "util-deprecate": {
      "version": "1.0.2",
      "resolved": "https://registry.npmjs.org/util-deprecate/-/util-deprecate-1.0.2.tgz",
      "integrity": "sha1-RQ1Nyfpw3nMnYvvS1KKJgUGaDM8="
    },
    "wrappy": {
      "version": "1.0.2",
      "resolved": "https://registry.npmjs.org/wrappy/-/wrappy-1.0.2.tgz",
      "integrity": "sha1-tSQ9jz7BqjXxNkYFvA0QNuMKtp8="
    },
    "ws": {
      "version": "8.2.3",
      "resolved": "https://registry.npmjs.org/ws/-/ws-8.2.3.tgz",
      "integrity": "sha512-wBuoj1BDpC6ZQ1B7DWQBYVLphPWkm8i9Y0/3YdHjHKHiohOJ1ws+3OccDWtH+PoC9DZD5WOTrJvNbWvjS6JWaA=="
    }
  }
}
